
Microsoft Visual Studio Solution File, Format Version 12.00
# Visual Studio Version 16
VisualStudioVersion = 16.0.29009.5
MinimumVisualStudioVersion = 10.0.40219.1
Project("{FAE04EC0-301F-11D3-BF4B-00C04F79EFBC}") = "snakes", "snakes\snakes.csproj", "{C73B1B4F-6C1D-48E1-A52B-CBEE9B305B50}"
EndProject
Global
	GlobalSection(SolutionConfigurationPlatforms) = preSolution
		Debug|Any CPU = Debug|Any CPU
		Release|Any CPU = Release|Any CPU
	EndGlobalSection
	GlobalSection(ProjectConfigurationPlatforms) = postSolution
		{C73B1B4F-6C1D-48E1-A52B-CBEE9B305B50}.Debug|Any CPU.ActiveCfg = Debug|Any CPU
		{C73B1B4F-6C1D-48E1-A52B-CBEE9B305B50}.Debug|Any CPU.Build.0 = Debug|Any CPU
		{C73B1B4F-6C1D-48E1-A52B-CBEE9B305B50}.Release|Any CPU.ActiveCfg = Release|Any CPU
		{C73B1B4F-6C1D-48E1-A52B-CBEE9B305B50}.Release|Any CPU.Build.0 = Release|Any CPU
	EndGlobalSection
	GlobalSection(SolutionProperties) = preSolution
		HideSolutionNode = FALSE
	EndGlobalSection
	GlobalSection(ExtensibilityGlobals) = postSolution
		SolutionGuid = {96CB9736-2B14-4303-8D77-0487052338D9}
	EndGlobalSection
EndGlobal
